
Microsoft Visual Studio Solution File, Format Version 12.00
# Visual Studio Version 16
VisualStudioVersion = 16.0.33214.272
MinimumVisualStudioVersion = 10.0.40219.1
Project("{FAE04EC0-301F-11D3-BF4B-00C04F79EFBC}") = "HospitalClient", "HospitalClient\HospitalClient.csproj", "{B3AD54B3-ED10-4375-954E-8B68FE8E01A0}"
EndProject
Global
	GlobalSection(SolutionConfigurationPlatforms) = preSolution
		Debug|Any CPU = Debug|Any CPU
		Release|Any CPU = Release|Any CPU
	EndGlobalSection
	GlobalSection(ProjectConfigurationPlatforms) = postSolution
		{B3AD54B3-ED10-4375-954E-8B68FE8E01A0}.Debug|Any CPU.ActiveCfg = Debug|Any CPU
		{B3AD54B3-ED10-4375-954E-8B68FE8E01A0}.Debug|Any CPU.Build.0 = Debug|Any CPU
		{B3AD54B3-ED10-4375-954E-8B68FE8E01A0}.Release|Any CPU.ActiveCfg = Release|Any CPU
		{B3AD54B3-ED10-4375-954E-8B68FE8E01A0}.Release|Any CPU.Build.0 = Release|Any CPU
	EndGlobalSection
	GlobalSection(SolutionProperties) = preSolution
		HideSolutionNode = FALSE
	EndGlobalSection
	GlobalSection(ExtensibilityGlobals) = postSolution
		SolutionGuid = {E06A157F-8102-4B3C-87D6-A8401357C5A5}
	EndGlobalSection
EndGlobal
